
Microsoft Visual Studio Solution File, Format Version 12.00
# Visual Studio Version 17
VisualStudioVersion = 17.5.33627.172
MinimumVisualStudioVersion = 10.0.40219.1
Project("{9A19103F-16F7-4668-BE54-9A1E7A4F7556}") = "ChallengeCore", "ChallengeCore\ChallengeCore.csproj", "{CA824E58-209F-4C10-AC23-FBE759FA54A5}"
EndProject
Project("{FAE04EC0-301F-11D3-BF4B-00C04F79EFBC}") = "ChallengeUI", "ChallengeUI\ChallengeUI.csproj", "{EE82331F-1759-4DFA-AF45-9A5D18EEF761}"
EndProject
Global
	GlobalSection(SolutionConfigurationPlatforms) = preSolution
		Debug|Any CPU = Debug|Any CPU
		Release|Any CPU = Release|Any CPU
	EndGlobalSection
	GlobalSection(ProjectConfigurationPlatforms) = postSolution
		{CA824E58-209F-4C10-AC23-FBE759FA54A5}.Debug|Any CPU.ActiveCfg = Debug|Any CPU
		{CA824E58-209F-4C10-AC23-FBE759FA54A5}.Debug|Any CPU.Build.0 = Debug|Any CPU
		{CA824E58-209F-4C10-AC23-FBE759FA54A5}.Release|Any CPU.ActiveCfg = Release|Any CPU
		{CA824E58-209F-4C10-AC23-FBE759FA54A5}.Release|Any CPU.Build.0 = Release|Any CPU
		{EE82331F-1759-4DFA-AF45-9A5D18EEF761}.Debug|Any CPU.ActiveCfg = Debug|Any CPU
		{EE82331F-1759-4DFA-AF45-9A5D18EEF761}.Debug|Any CPU.Build.0 = Debug|Any CPU
		{EE82331F-1759-4DFA-AF45-9A5D18EEF761}.Release|Any CPU.ActiveCfg = Release|Any CPU
		{EE82331F-1759-4DFA-AF45-9A5D18EEF761}.Release|Any CPU.Build.0 = Release|Any CPU
	EndGlobalSection
	GlobalSection(SolutionProperties) = preSolution
		HideSolutionNode = FALSE
	EndGlobalSection
	GlobalSection(ExtensibilityGlobals) = postSolution
		SolutionGuid = {9C8E0EF4-3F24-4448-AABB-47A2480870A5}
	EndGlobalSection
EndGlobal
